
Microsoft Visual Studio Solution File, Format Version 12.00
# Visual Studio Version 16
VisualStudioVersion = 16.0.29326.143
MinimumVisualStudioVersion = 10.0.40219.1
Project("{9A19103F-16F7-4668-BE54-9A1E7A4F7556}") = "Bikeshop", "Bikeshop\Bikeshop.csproj", "{77E4E777-48A8-4FBE-BC1E-9A10DA3E2A95}"
EndProject
Project("{FAE04EC0-301F-11D3-BF4B-00C04F79EFBC}") = "Bikeshop.Domain", "Domain\Bikeshop.Domain.csproj", "{6E2F17C6-C916-4630-B615-01A872DDF0F0}"
EndProject
Project("{FAE04EC0-301F-11D3-BF4B-00C04F79EFBC}") = "Bikeshop.Data", "Bikeshop.Data\Bikeshop.Data.csproj", "{EADF1D61-4DEC-4E28-8A2E-510A76DC602E}"
EndProject
Global
	GlobalSection(SolutionConfigurationPlatforms) = preSolution
		Debug|Any CPU = Debug|Any CPU
		Release|Any CPU = Release|Any CPU
	EndGlobalSection
	GlobalSection(ProjectConfigurationPlatforms) = postSolution
		{77E4E777-48A8-4FBE-BC1E-9A10DA3E2A95}.Debug|Any CPU.ActiveCfg = Debug|Any CPU
		{77E4E777-48A8-4FBE-BC1E-9A10DA3E2A95}.Debug|Any CPU.Build.0 = Debug|Any CPU
		{77E4E777-48A8-4FBE-BC1E-9A10DA3E2A95}.Release|Any CPU.ActiveCfg = Release|Any CPU
		{77E4E777-48A8-4FBE-BC1E-9A10DA3E2A95}.Release|Any CPU.Build.0 = Release|Any CPU
		{6E2F17C6-C916-4630-B615-01A872DDF0F0}.Debug|Any CPU.ActiveCfg = Debug|Any CPU
		{6E2F17C6-C916-4630-B615-01A872DDF0F0}.Debug|Any CPU.Build.0 = Debug|Any CPU
		{6E2F17C6-C916-4630-B615-01A872DDF0F0}.Release|Any CPU.ActiveCfg = Release|Any CPU
		{6E2F17C6-C916-4630-B615-01A872DDF0F0}.Release|Any CPU.Build.0 = Release|Any CPU
		{EADF1D61-4DEC-4E28-8A2E-510A76DC602E}.Debug|Any CPU.ActiveCfg = Debug|Any CPU
		{EADF1D61-4DEC-4E28-8A2E-510A76DC602E}.Debug|Any CPU.Build.0 = Debug|Any CPU
		{EADF1D61-4DEC-4E28-8A2E-510A76DC602E}.Release|Any CPU.ActiveCfg = Release|Any CPU
		{EADF1D61-4DEC-4E28-8A2E-510A76DC602E}.Release|Any CPU.Build.0 = Release|Any CPU
	EndGlobalSection
	GlobalSection(SolutionProperties) = preSolution
		HideSolutionNode = FALSE
	EndGlobalSection
	GlobalSection(ExtensibilityGlobals) = postSolution
		SolutionGuid = {066BCAB8-C53E-4533-8709-987B85EBE15D}
	EndGlobalSection
EndGlobal
